// !$*UTF8*$!
{
	archiveVersion = 1;
	classes = {
	};
	objectVersion = 51;
	objects = {

/* Begin PBXBuildFile section */
		8405307C22B207F3006A7160 /* CharacterSet+Extension.swift in Sources */ = {isa = PBXBuildFile; fileRef = 8405307B22B207F3006A7160 /* CharacterSet+Extension.swift */; };
		8405307E22B421AE006A7160 /* ComicVineAPI.swift in Sources */ = {isa = PBXBuildFile; fileRef = 8405307D22B421AE006A7160 /* ComicVineAPI.swift */; };
		8405308122B4A7AF006A7160 /* ComicDetailsViewController.swift in Sources */ = {isa = PBXBuildFile; fileRef = 8405307F22B4A7AF006A7160 /* ComicDetailsViewController.swift */; };
		8405308822B4E415006A7160 /* CharacterCollectionViewCell.swift in Sources */ = {isa = PBXBuildFile; fileRef = 8405308722B4E415006A7160 /* CharacterCollectionViewCell.swift */; };
		8405308A22B4E4B0006A7160 /* CharacterCollectionViewCell.xib in Resources */ = {isa = PBXBuildFile; fileRef = 8405308922B4E4B0006A7160 /* CharacterCollectionViewCell.xib */; };
		8405308C22B4E650006A7160 /* CharacterCollectionTableViewCell.swift in Sources */ = {isa = PBXBuildFile; fileRef = 8405308B22B4E650006A7160 /* CharacterCollectionTableViewCell.swift */; };
		8405308E22B4E6A4006A7160 /* CharacterCollectionTableViewCell.xib in Resources */ = {isa = PBXBuildFile; fileRef = 8405308D22B4E6A4006A7160 /* CharacterCollectionTableViewCell.xib */; };
		8405309122B59F8F006A7160 /* fave-filled.png in Resources */ = {isa = PBXBuildFile; fileRef = 8405308F22B59F8E006A7160 /* fave-filled.png */; };
		8405309222B59F8F006A7160 /* fave.png in Resources */ = {isa = PBXBuildFile; fileRef = 8405309022B59F8E006A7160 /* fave.png */; };
		8405309422B5BBAA006A7160 /* CoreManager.swift in Sources */ = {isa = PBXBuildFile; fileRef = 8405309322B5BBAA006A7160 /* CoreManager.swift */; };
		8405309822B62C77006A7160 /* fave in Resources */ = {isa = PBXBuildFile; fileRef = 8405309722B62C77006A7160 /* fave */; };
		8405309C22B62E10006A7160 /* FavoritesViewController.swift in Sources */ = {isa = PBXBuildFile; fileRef = 8405309B22B62E10006A7160 /* FavoritesViewController.swift */; };
		840D5E4522A57EC00092C216 /* AppDelegate.swift in Sources */ = {isa = PBXBuildFile; fileRef = 840D5E4422A57EC00092C216 /* AppDelegate.swift */; };
		840D5E4722A57EC00092C216 /* HomeViewController.swift in Sources */ = {isa = PBXBuildFile; fileRef = 840D5E4622A57EC00092C216 /* HomeViewController.swift */; };
		840D5E4A22A57EC00092C216 /* Main.storyboard in Resources */ = {isa = PBXBuildFile; fileRef = 840D5E4822A57EC00092C216 /* Main.storyboard */; };
		840D5E4D22A57EC00092C216 /* HeroesAndVillains.xcdatamodeld in Sources */ = {isa = PBXBuildFile; fileRef = 840D5E4B22A57EC00092C216 /* HeroesAndVillains.xcdatamodeld */; };
		840D5E4F22A57EC30092C216 /* Assets.xcassets in Resources */ = {isa = PBXBuildFile; fileRef = 840D5E4E22A57EC30092C216 /* Assets.xcassets */; };
		840D5E5222A57EC30092C216 /* LaunchScreen.storyboard in Resources */ = {isa = PBXBuildFile; fileRef = 840D5E5022A57EC30092C216 /* LaunchScreen.storyboard */; };
		840D5E5D22A57EC30092C216 /* HeroesAndVillainsTests.swift in Sources */ = {isa = PBXBuildFile; fileRef = 840D5E5C22A57EC30092C216 /* HeroesAndVillainsTests.swift */; };
		840D5E7122A5D8430092C216 /* MainNavigationController.swift in Sources */ = {isa = PBXBuildFile; fileRef = 840D5E7022A5D8430092C216 /* MainNavigationController.swift */; };
		840D5FE122A5E9850092C216 /* search-Small@2x.png in Resources */ = {isa = PBXBuildFile; fileRef = 840D5FDE22A5E9850092C216 /* search-Small@2x.png */; };
		840D5FE222A5E9850092C216 /* search-Small@3x.png in Resources */ = {isa = PBXBuildFile; fileRef = 840D5FDF22A5E9850092C216 /* search-Small@3x.png */; };
		840D5FE322A5E9850092C216 /* search-Small.png in Resources */ = {isa = PBXBuildFile; fileRef = 840D5FE022A5E9850092C216 /* search-Small.png */; };
		840D5FE722A5E9A40092C216 /* home-Small.png in Resources */ = {isa = PBXBuildFile; fileRef = 840D5FE422A5E9A30092C216 /* home-Small.png */; };
		840D5FE822A5E9A40092C216 /* home-Small@2x.png in Resources */ = {isa = PBXBuildFile; fileRef = 840D5FE522A5E9A40092C216 /* home-Small@2x.png */; };
		840D5FE922A5E9A40092C216 /* home-Small@3x.png in Resources */ = {isa = PBXBuildFile; fileRef = 840D5FE622A5E9A40092C216 /* home-Small@3x.png */; };
		840D5FEB22A616950092C216 /* SearchViewController.swift in Sources */ = {isa = PBXBuildFile; fileRef = 840D5FEA22A616950092C216 /* SearchViewController.swift */; };
		840D5FED22A61C980092C216 /* Constants.swift in Sources */ = {isa = PBXBuildFile; fileRef = 840D5FEC22A61C980092C216 /* Constants.swift */; };
		840D5FEF22A626FA0092C216 /* MarvelCharacter.swift in Sources */ = {isa = PBXBuildFile; fileRef = 840D5FEE22A626FA0092C216 /* MarvelCharacter.swift */; };
		840D5FF122A633940092C216 /* MarvelAPI.swift in Sources */ = {isa = PBXBuildFile; fileRef = 840D5FF022A633940092C216 /* MarvelAPI.swift */; };
		840D5FF322A633A60092C216 /* MarvelService.swift in Sources */ = {isa = PBXBuildFile; fileRef = 840D5FF222A633A60092C216 /* MarvelService.swift */; };
		840D5FF622A6372B0092C216 /* String+Extension.swift in Sources */ = {isa = PBXBuildFile; fileRef = 840D5FF522A6372B0092C216 /* String+Extension.swift */; };
		840D5FF822A76BAB0092C216 /* ViewModel.swift in Sources */ = {isa = PBXBuildFile; fileRef = 840D5FF722A76BAA0092C216 /* ViewModel.swift */; };
		840D5FFB22A76FE40092C216 /* CharacterTableCell.swift in Sources */ = {isa = PBXBuildFile; fileRef = 840D5FF922A76FE40092C216 /* CharacterTableCell.swift */; };
		840D5FFC22A76FE40092C216 /* CharacterTableCell.xib in Resources */ = {isa = PBXBuildFile; fileRef = 840D5FFA22A76FE40092C216 /* CharacterTableCell.xib */; };
		840D5FFE22A784190092C216 /* aCharacter.swift in Sources */ = {isa = PBXBuildFile; fileRef = 840D5FFD22A784190092C216 /* aCharacter.swift */; };
		840EE65422B6ED93007DAA3B /* VideoCollectionTableViewCell.swift in Sources */ = {isa = PBXBuildFile; fileRef = 840EE65222B6ED93007DAA3B /* VideoCollectionTableViewCell.swift */; };
		840EE65522B6ED93007DAA3B /* VideoCollectionTableViewCell.xib in Resources */ = {isa = PBXBuildFile; fileRef = 840EE65322B6ED93007DAA3B /* VideoCollectionTableViewCell.xib */; };
		840EE65822B6EDE9007DAA3B /* VideoCollectionViewCell.swift in Sources */ = {isa = PBXBuildFile; fileRef = 840EE65622B6EDE9007DAA3B /* VideoCollectionViewCell.swift */; };
		840EE65922B6EDE9007DAA3B /* VideoCollectionViewCell.xib in Resources */ = {isa = PBXBuildFile; fileRef = 840EE65722B6EDE9007DAA3B /* VideoCollectionViewCell.xib */; };
		840EE65B22B6FB9F007DAA3B /* ComicVineService.swift in Sources */ = {isa = PBXBuildFile; fileRef = 840EE65A22B6FB9F007DAA3B /* ComicVineService.swift */; };
		840EE65D22B6FC2F007DAA3B /* ComicVineVideo.swift in Sources */ = {isa = PBXBuildFile; fileRef = 840EE65C22B6FC2F007DAA3B /* ComicVineVideo.swift */; };
		8411CF1322A8B198006C8CC6 /* Notification+Name.swift in Sources */ = {isa = PBXBuildFile; fileRef = 8411CF1222A8B198006C8CC6 /* Notification+Name.swift */; };
		8411CF1722A96847006C8CC6 /* mask.png in Resources */ = {isa = PBXBuildFile; fileRef = 8411CF1522A96847006C8CC6 /* mask.png */; };
		8411CF1822A96847006C8CC6 /* mask-filled.png in Resources */ = {isa = PBXBuildFile; fileRef = 8411CF1622A96847006C8CC6 /* mask-filled.png */; };
		8411CF1A22A96E13006C8CC6 /* DownloadManager.swift in Sources */ = {isa = PBXBuildFile; fileRef = 8411CF1922A96E13006C8CC6 /* DownloadManager.swift */; };
		8411CF1C22A9DF90006C8CC6 /* AppVARS.swift in Sources */ = {isa = PBXBuildFile; fileRef = 8411CF1B22A9DF90006C8CC6 /* AppVARS.swift */; };
		8411CF1E22AA0302006C8CC6 /* CharacterCollectionCell.swift in Sources */ = {isa = PBXBuildFile; fileRef = 8411CF1D22AA0302006C8CC6 /* CharacterCollectionCell.swift */; };
		846DB7EF22C2FC370095BB8D /* CVineComic.swift in Sources */ = {isa = PBXBuildFile; fileRef = 846DB7EE22C2FC370095BB8D /* CVineComic.swift */; };
		848E1ECC22C4623D00A126CC /* ComicTableCell.xib in Resources */ = {isa = PBXBuildFile; fileRef = 848E1ECB22C4623D00A126CC /* ComicTableCell.xib */; };
		848E1ED022C4635200A126CC /* ComicTableCell.swift in Sources */ = {isa = PBXBuildFile; fileRef = 848E1ECF22C4635200A126CC /* ComicTableCell.swift */; };
		848E1EE122C5E15100A126CC /* CharacterStatsTableCell.xib in Resources */ = {isa = PBXBuildFile; fileRef = 848E1EDF22C5E15100A126CC /* CharacterStatsTableCell.xib */; };
		848E1EE222C5E15100A126CC /* CharacterStatsCollectionCell.xib in Resources */ = {isa = PBXBuildFile; fileRef = 848E1EE022C5E15100A126CC /* CharacterStatsCollectionCell.xib */; };
		848E1EE522C5E3A300A126CC /* CharacterStatsCollectionCell.swift in Sources */ = {isa = PBXBuildFile; fileRef = 848E1EE322C5E3A300A126CC /* CharacterStatsCollectionCell.swift */; };
		848E1EE622C5E3A300A126CC /* CharacterStatsTableCell.swift in Sources */ = {isa = PBXBuildFile; fileRef = 848E1EE422C5E3A300A126CC /* CharacterStatsTableCell.swift */; };
		848E1EE822C660EA00A126CC /* SuperHeroStats.swift in Sources */ = {isa = PBXBuildFile; fileRef = 848E1EE722C660EA00A126CC /* SuperHeroStats.swift */; };
		848E1EEA22C6629F00A126CC /* CharacterStatsAPI.swift in Sources */ = {isa = PBXBuildFile; fileRef = 848E1EE922C6629F00A126CC /* CharacterStatsAPI.swift */; };
		848E1EEC22C67D3500A126CC /* CharacterStatsService.swift in Sources */ = {isa = PBXBuildFile; fileRef = 848E1EEB22C67D3500A126CC /* CharacterStatsService.swift */; };
		849E958022AF212900ECEC0A /* ComicCollectionViewCell.swift in Sources */ = {isa = PBXBuildFile; fileRef = 849E957E22AF212900ECEC0A /* ComicCollectionViewCell.swift */; };
		849E958122AF212900ECEC0A /* ComicCollectionViewCell.xib in Resources */ = {isa = PBXBuildFile; fileRef = 849E957F22AF212900ECEC0A /* ComicCollectionViewCell.xib */; };
		849E958322AF498200ECEC0A /* CharacterDetailsViewController.swift in Sources */ = {isa = PBXBuildFile; fileRef = 849E958222AF498200ECEC0A /* CharacterDetailsViewController.swift */; };
		849E958522AF575100ECEC0A /* Comic.swift in Sources */ = {isa = PBXBuildFile; fileRef = 849E958422AF575100ECEC0A /* Comic.swift */; };
		849E958722AF58F000ECEC0A /* MarvelComic.swift in Sources */ = {isa = PBXBuildFile; fileRef = 849E958622AF58F000ECEC0A /* MarvelComic.swift */; };
		849E958A22B0B35300ECEC0A /* ComicCollectionTableViewCell.swift in Sources */ = {isa = PBXBuildFile; fileRef = 849E958822B0B35300ECEC0A /* ComicCollectionTableViewCell.swift */; };
		849E958B22B0B35400ECEC0A /* ComicCollectionTableViewCell.xib in Resources */ = {isa = PBXBuildFile; fileRef = 849E958922B0B35300ECEC0A /* ComicCollectionTableViewCell.xib */; };
		84D04C4A22C83D0D0017EDA8 /* GraphView.swift in Sources */ = {isa = PBXBuildFile; fileRef = 84D04C4922C83D0D0017EDA8 /* GraphView.swift */; };
		84D04C5022CBEB4E0017EDA8 /* ComicClashLogoBY.png in Resources */ = {isa = PBXBuildFile; fileRef = 84D04C4E22CBEB4D0017EDA8 /* ComicClashLogoBY.png */; };
		84D04C5122CBEB4E0017EDA8 /* ComicClashLogoRY.png in Resources */ = {isa = PBXBuildFile; fileRef = 84D04C4F22CBEB4E0017EDA8 /* ComicClashLogoRY.png */; };
		D1E727CE8E19E743866D5380 /* Pods_HeroesAndVillains.framework in Frameworks */ = {isa = PBXBuildFile; fileRef = 2260920A02F7D831EB70A0FE /* Pods_HeroesAndVillains.framework */; };
/* End PBXBuildFile section */

/* Begin PBXContainerItemProxy section */
		840D5E5922A57EC30092C216 /* PBXContainerItemProxy */ = {
			isa = PBXContainerItemProxy;
			containerPortal = 840D5E3922A57EC00092C216 /* Project object */;
			proxyType = 1;
			remoteGlobalIDString = 840D5E4022A57EC00092C216;
			remoteInfo = HeroesAndVillains;
		};
/* End PBXContainerItemProxy section */

/* Begin PBXFileReference section */
		2260920A02F7D831EB70A0FE /* Pods_HeroesAndVillains.framework */ = {isa = PBXFileReference; explicitFileType = wrapper.framework; includeInIndex = 0; path = Pods_HeroesAndVillains.framework; sourceTree = BUILT_PRODUCTS_DIR; };
		61AE281B9F48AAEA02C21636 /* Pods-HeroesAndVillains.release.xcconfig */ = {isa = PBXFileReference; includeInIndex = 1; lastKnownFileType = text.xcconfig; name = "Pods-HeroesAndVillains.release.xcconfig"; path = "Target Support Files/Pods-HeroesAndVillains/Pods-HeroesAndVillains.release.xcconfig"; sourceTree = "<group>"; };
		77F273093B84E2102B90B2BB /* Pods-HeroesAndVillains.debug.xcconfig */ = {isa = PBXFileReference; includeInIndex = 1; lastKnownFileType = text.xcconfig; name = "Pods-HeroesAndVillains.debug.xcconfig"; path = "Target Support Files/Pods-HeroesAndVillains/Pods-HeroesAndVillains.debug.xcconfig"; sourceTree = "<group>"; };
		8405307B22B207F3006A7160 /* CharacterSet+Extension.swift */ = {isa = PBXFileReference; lastKnownFileType = sourcecode.swift; path = "CharacterSet+Extension.swift"; sourceTree = "<group>"; };
		8405307D22B421AE006A7160 /* ComicVineAPI.swift */ = {isa = PBXFileReference; lastKnownFileType = sourcecode.swift; path = ComicVineAPI.swift; sourceTree = "<group>"; };
		8405307F22B4A7AF006A7160 /* ComicDetailsViewController.swift */ = {isa = PBXFileReference; lastKnownFileType = sourcecode.swift; path = ComicDetailsViewController.swift; sourceTree = "<group>"; };
		8405308722B4E415006A7160 /* CharacterCollectionViewCell.swift */ = {isa = PBXFileReference; lastKnownFileType = sourcecode.swift; path = CharacterCollectionViewCell.swift; sourceTree = "<group>"; };
		8405308922B4E4B0006A7160 /* CharacterCollectionViewCell.xib */ = {isa = PBXFileReference; lastKnownFileType = file.xib; path = CharacterCollectionViewCell.xib; sourceTree = "<group>"; };
		8405308B22B4E650006A7160 /* CharacterCollectionTableViewCell.swift */ = {isa = PBXFileReference; lastKnownFileType = sourcecode.swift; path = CharacterCollectionTableViewCell.swift; sourceTree = "<group>"; };
		8405308D22B4E6A4006A7160 /* CharacterCollectionTableViewCell.xib */ = {isa = PBXFileReference; lastKnownFileType = file.xib; path = CharacterCollectionTableViewCell.xib; sourceTree = "<group>"; };
		8405308F22B59F8E006A7160 /* fave-filled.png */ = {isa = PBXFileReference; lastKnownFileType = image.png; path = "fave-filled.png"; sourceTree = "<group>"; };
		8405309022B59F8E006A7160 /* fave.png */ = {isa = PBXFileReference; lastKnownFileType = image.png; path = fave.png; sourceTree = "<group>"; };
		8405309322B5BBAA006A7160 /* CoreManager.swift */ = {isa = PBXFileReference; lastKnownFileType = sourcecode.swift; path = CoreManager.swift; sourceTree = "<group>"; };
		8405309722B62C77006A7160 /* fave */ = {isa = PBXFileReference; lastKnownFileType = folder; path = fave; sourceTree = "<group>"; };
		8405309B22B62E10006A7160 /* FavoritesViewController.swift */ = {isa = PBXFileReference; lastKnownFileType = sourcecode.swift; path = FavoritesViewController.swift; sourceTree = "<group>"; };
		840D5E4122A57EC00092C216 /* HeroesAndVillains.app */ = {isa = PBXFileReference; explicitFileType = wrapper.application; includeInIndex = 0; path = HeroesAndVillains.app; sourceTree = BUILT_PRODUCTS_DIR; };
		840D5E4422A57EC00092C216 /* AppDelegate.swift */ = {isa = PBXFileReference; lastKnownFileType = sourcecode.swift; path = AppDelegate.swift; sourceTree = "<group>"; };
		840D5E4622A57EC00092C216 /* HomeViewController.swift */ = {isa = PBXFileReference; lastKnownFileType = sourcecode.swift; path = HomeViewController.swift; sourceTree = "<group>"; };
		840D5E4922A57EC00092C216 /* Base */ = {isa = PBXFileReference; lastKnownFileType = file.storyboard; name = Base; path = Base.lproj/Main.storyboard; sourceTree = "<group>"; };
		840D5E4C22A57EC00092C216 /* HeroesAndVillains.xcdatamodel */ = {isa = PBXFileReference; lastKnownFileType = wrapper.xcdatamodel; path = HeroesAndVillains.xcdatamodel; sourceTree = "<group>"; };
		840D5E4E22A57EC30092C216 /* Assets.xcassets */ = {isa = PBXFileReference; lastKnownFileType = folder.assetcatalog; path = Assets.xcassets; sourceTree = "<group>"; };
		840D5E5122A57EC30092C216 /* Base */ = {isa = PBXFileReference; lastKnownFileType = file.storyboard; name = Base; path = Base.lproj/LaunchScreen.storyboard; sourceTree = "<group>"; };
		840D5E5322A57EC30092C216 /* Info.plist */ = {isa = PBXFileReference; lastKnownFileType = text.plist.xml; path = Info.plist; sourceTree = "<group>"; };
		840D5E5822A57EC30092C216 /* HeroesAndVillainsTests.xctest */ = {isa = PBXFileReference; explicitFileType = wrapper.cfbundle; includeInIndex = 0; path = HeroesAndVillainsTests.xctest; sourceTree = BUILT_PRODUCTS_DIR; };
		840D5E5C22A57EC30092C216 /* HeroesAndVillainsTests.swift */ = {isa = PBXFileReference; lastKnownFileType = sourcecode.swift; path = HeroesAndVillainsTests.swift; sourceTree = "<group>"; };
		840D5E5E22A57EC30092C216 /* Info.plist */ = {isa = PBXFileReference; lastKnownFileType = text.plist.xml; path = Info.plist; sourceTree = "<group>"; };
		840D5E7022A5D8430092C216 /* MainNavigationController.swift */ = {isa = PBXFileReference; lastKnownFileType = sourcecode.swift; path = MainNavigationController.swift; sourceTree = "<group>"; };
		840D5FDE22A5E9850092C216 /* search-Small@2x.png */ = {isa = PBXFileReference; lastKnownFileType = image.png; path = "search-Small@2x.png"; sourceTree = "<group>"; };
		840D5FDF22A5E9850092C216 /* search-Small@3x.png */ = {isa = PBXFileReference; lastKnownFileType = image.png; path = "search-Small@3x.png"; sourceTree = "<group>"; };
		840D5FE022A5E9850092C216 /* search-Small.png */ = {isa = PBXFileReference; lastKnownFileType = image.png; path = "search-Small.png"; sourceTree = "<group>"; };
		840D5FE422A5E9A30092C216 /* home-Small.png */ = {isa = PBXFileReference; lastKnownFileType = image.png; path = "home-Small.png"; sourceTree = "<group>"; };
		840D5FE522A5E9A40092C216 /* home-Small@2x.png */ = {isa = PBXFileReference; lastKnownFileType = image.png; path = "home-Small@2x.png"; sourceTree = "<group>"; };
		840D5FE622A5E9A40092C216 /* home-Small@3x.png */ = {isa = PBXFileReference; lastKnownFileType = image.png; path = "home-Small@3x.png"; sourceTree = "<group>"; };
		840D5FEA22A616950092C216 /* SearchViewController.swift */ = {isa = PBXFileReference; lastKnownFileType = sourcecode.swift; path = SearchViewController.swift; sourceTree = "<group>"; };
		840D5FEC22A61C980092C216 /* Constants.swift */ = {isa = PBXFileReference; lastKnownFileType = sourcecode.swift; path = Constants.swift; sourceTree = "<group>"; };
		840D5FEE22A626FA0092C216 /* MarvelCharacter.swift */ = {isa = PBXFileReference; lastKnownFileType = sourcecode.swift; path = MarvelCharacter.swift; sourceTree = "<group>"; };
		840D5FF022A633940092C216 /* MarvelAPI.swift */ = {isa = PBXFileReference; lastKnownFileType = sourcecode.swift; path = MarvelAPI.swift; sourceTree = "<group>"; };
		840D5FF222A633A60092C216 /* MarvelService.swift */ = {isa = PBXFileReference; lastKnownFileType = sourcecode.swift; path = MarvelService.swift; sourceTree = "<group>"; };
		840D5FF522A6372B0092C216 /* String+Extension.swift */ = {isa = PBXFileReference; lastKnownFileType = sourcecode.swift; path = "String+Extension.swift"; sourceTree = "<group>"; };
		840D5FF722A76BAA0092C216 /* ViewModel.swift */ = {isa = PBXFileReference; lastKnownFileType = sourcecode.swift; path = ViewModel.swift; sourceTree = "<group>"; };
		840D5FF922A76FE40092C216 /* CharacterTableCell.swift */ = {isa = PBXFileReference; lastKnownFileType = sourcecode.swift; path = CharacterTableCell.swift; sourceTree = "<group>"; };
		840D5FFA22A76FE40092C216 /* CharacterTableCell.xib */ = {isa = PBXFileReference; lastKnownFileType = file.xib; path = CharacterTableCell.xib; sourceTree = "<group>"; };
		840D5FFD22A784190092C216 /* aCharacter.swift */ = {isa = PBXFileReference; lastKnownFileType = sourcecode.swift; path = aCharacter.swift; sourceTree = "<group>"; };
		840EE65222B6ED93007DAA3B /* VideoCollectionTableViewCell.swift */ = {isa = PBXFileReference; lastKnownFileType = sourcecode.swift; path = VideoCollectionTableViewCell.swift; sourceTree = "<group>"; };
		840EE65322B6ED93007DAA3B /* VideoCollectionTableViewCell.xib */ = {isa = PBXFileReference; lastKnownFileType = file.xib; path = VideoCollectionTableViewCell.xib; sourceTree = "<group>"; };
		840EE65622B6EDE9007DAA3B /* VideoCollectionViewCell.swift */ = {isa = PBXFileReference; lastKnownFileType = sourcecode.swift; path = VideoCollectionViewCell.swift; sourceTree = "<group>"; };
		840EE65722B6EDE9007DAA3B /* VideoCollectionViewCell.xib */ = {isa = PBXFileReference; lastKnownFileType = file.xib; path = VideoCollectionViewCell.xib; sourceTree = "<group>"; };
		840EE65A22B6FB9F007DAA3B /* ComicVineService.swift */ = {isa = PBXFileReference; lastKnownFileType = sourcecode.swift; path = ComicVineService.swift; sourceTree = "<group>"; };
		840EE65C22B6FC2F007DAA3B /* ComicVineVideo.swift */ = {isa = PBXFileReference; lastKnownFileType = sourcecode.swift; path = ComicVineVideo.swift; sourceTree = "<group>"; };
		8411CF1222A8B198006C8CC6 /* Notification+Name.swift */ = {isa = PBXFileReference; lastKnownFileType = sourcecode.swift; path = "Notification+Name.swift"; sourceTree = "<group>"; };
		8411CF1522A96847006C8CC6 /* mask.png */ = {isa = PBXFileReference; lastKnownFileType = image.png; path = mask.png; sourceTree = "<group>"; };
		8411CF1622A96847006C8CC6 /* mask-filled.png */ = {isa = PBXFileReference; lastKnownFileType = image.png; path = "mask-filled.png"; sourceTree = "<group>"; };
		8411CF1922A96E13006C8CC6 /* DownloadManager.swift */ = {isa = PBXFileReference; fileEncoding = 4; lastKnownFileType = sourcecode.swift; path = DownloadManager.swift; sourceTree = "<group>"; };
		8411CF1B22A9DF90006C8CC6 /* AppVARS.swift */ = {isa = PBXFileReference; lastKnownFileType = sourcecode.swift; path = AppVARS.swift; sourceTree = "<group>"; };
		8411CF1D22AA0302006C8CC6 /* CharacterCollectionCell.swift */ = {isa = PBXFileReference; lastKnownFileType = sourcecode.swift; path = CharacterCollectionCell.swift; sourceTree = "<group>"; };
		846DB7EE22C2FC370095BB8D /* CVineComic.swift */ = {isa = PBXFileReference; lastKnownFileType = sourcecode.swift; path = CVineComic.swift; sourceTree = "<group>"; };
		848E1ECB22C4623D00A126CC /* ComicTableCell.xib */ = {isa = PBXFileReference; fileEncoding = 4; lastKnownFileType = file.xib; path = ComicTableCell.xib; sourceTree = "<group>"; };
		848E1ECF22C4635200A126CC /* ComicTableCell.swift */ = {isa = PBXFileReference; lastKnownFileType = sourcecode.swift; path = ComicTableCell.swift; sourceTree = "<group>"; };
		848E1EDF22C5E15100A126CC /* CharacterStatsTableCell.xib */ = {isa = PBXFileReference; fileEncoding = 4; lastKnownFileType = file.xib; path = CharacterStatsTableCell.xib; sourceTree = "<group>"; };
		848E1EE022C5E15100A126CC /* CharacterStatsCollectionCell.xib */ = {isa = PBXFileReference; fileEncoding = 4; lastKnownFileType = file.xib; path = CharacterStatsCollectionCell.xib; sourceTree = "<group>"; };
		848E1EE322C5E3A300A126CC /* CharacterStatsCollectionCell.swift */ = {isa = PBXFileReference; fileEncoding = 4; lastKnownFileType = sourcecode.swift; path = CharacterStatsCollectionCell.swift; sourceTree = "<group>"; };
		848E1EE422C5E3A300A126CC /* CharacterStatsTableCell.swift */ = {isa = PBXFileReference; fileEncoding = 4; lastKnownFileType = sourcecode.swift; path = CharacterStatsTableCell.swift; sourceTree = "<group>"; };
		848E1EE722C660EA00A126CC /* SuperHeroStats.swift */ = {isa = PBXFileReference; lastKnownFileType = sourcecode.swift; path = SuperHeroStats.swift; sourceTree = "<group>"; };
		848E1EE922C6629F00A126CC /* CharacterStatsAPI.swift */ = {isa = PBXFileReference; lastKnownFileType = sourcecode.swift; path = CharacterStatsAPI.swift; sourceTree = "<group>"; };
		848E1EEB22C67D3500A126CC /* CharacterStatsService.swift */ = {isa = PBXFileReference; lastKnownFileType = sourcecode.swift; path = CharacterStatsService.swift; sourceTree = "<group>"; };
		849E957E22AF212900ECEC0A /* ComicCollectionViewCell.swift */ = {isa = PBXFileReference; lastKnownFileType = sourcecode.swift; path = ComicCollectionViewCell.swift; sourceTree = "<group>"; };
		849E957F22AF212900ECEC0A /* ComicCollectionViewCell.xib */ = {isa = PBXFileReference; lastKnownFileType = file.xib; path = ComicCollectionViewCell.xib; sourceTree = "<group>"; };
		849E958222AF498200ECEC0A /* CharacterDetailsViewController.swift */ = {isa = PBXFileReference; lastKnownFileType = sourcecode.swift; path = CharacterDetailsViewController.swift; sourceTree = "<group>"; };
		849E958422AF575100ECEC0A /* Comic.swift */ = {isa = PBXFileReference; lastKnownFileType = sourcecode.swift; path = Comic.swift; sourceTree = "<group>"; };
		849E958622AF58F000ECEC0A /* MarvelComic.swift */ = {isa = PBXFileReference; lastKnownFileType = sourcecode.swift; path = MarvelComic.swift; sourceTree = "<group>"; };
		849E958822B0B35300ECEC0A /* ComicCollectionTableViewCell.swift */ = {isa = PBXFileReference; lastKnownFileType = sourcecode.swift; path = ComicCollectionTableViewCell.swift; sourceTree = "<group>"; };
		849E958922B0B35300ECEC0A /* ComicCollectionTableViewCell.xib */ = {isa = PBXFileReference; lastKnownFileType = file.xib; path = ComicCollectionTableViewCell.xib; sourceTree = "<group>"; };
		84D04C4922C83D0D0017EDA8 /* GraphView.swift */ = {isa = PBXFileReference; lastKnownFileType = sourcecode.swift; path = GraphView.swift; sourceTree = "<group>"; };
		84D04C4E22CBEB4D0017EDA8 /* ComicClashLogoBY.png */ = {isa = PBXFileReference; lastKnownFileType = image.png; name = ComicClashLogoBY.png; path = HeroesAndVillains/ComicClashLogoBY.png; sourceTree = SOURCE_ROOT; };
		84D04C4F22CBEB4E0017EDA8 /* ComicClashLogoRY.png */ = {isa = PBXFileReference; lastKnownFileType = image.png; name = ComicClashLogoRY.png; path = HeroesAndVillains/ComicClashLogoRY.png; sourceTree = SOURCE_ROOT; };
/* End PBXFileReference section */

/* Begin PBXFrameworksBuildPhase section */
		840D5E3E22A57EC00092C216 /* Frameworks */ = {
			isa = PBXFrameworksBuildPhase;
			buildActionMask = 2147483647;
			files = (
				D1E727CE8E19E743866D5380 /* Pods_HeroesAndVillains.framework in Frameworks */,
			);
			runOnlyForDeploymentPostprocessing = 0;
		};
		840D5E5522A57EC30092C216 /* Frameworks */ = {
			isa = PBXFrameworksBuildPhase;
			buildActionMask = 2147483647;
			files = (
			);
			runOnlyForDeploymentPostprocessing = 0;
		};
/* End PBXFrameworksBuildPhase section */

/* Begin PBXGroup section */
		3E44FB149E935A024FB74CC4 /* Frameworks */ = {
			isa = PBXGroup;
			children = (
				2260920A02F7D831EB70A0FE /* Pods_HeroesAndVillains.framework */,
			);
			name = Frameworks;
			sourceTree = "<group>";
		};
		840D5E3822A57EC00092C216 = {
			isa = PBXGroup;
			children = (
				840D5E4322A57EC00092C216 /* HeroesAndVillains */,
				840D5E5B22A57EC30092C216 /* HeroesAndVillainsTests */,
				840D5E4222A57EC00092C216 /* Products */,
				9E358C3F65C5BE5552158F89 /* Pods */,
				3E44FB149E935A024FB74CC4 /* Frameworks */,
			);
			sourceTree = "<group>";
		};
		840D5E4222A57EC00092C216 /* Products */ = {
			isa = PBXGroup;
			children = (
				840D5E4122A57EC00092C216 /* HeroesAndVillains.app */,
				840D5E5822A57EC30092C216 /* HeroesAndVillainsTests.xctest */,
			);
			name = Products;
			sourceTree = "<group>";
		};
		840D5E4322A57EC00092C216 /* HeroesAndVillains */ = {
			isa = PBXGroup;
			children = (
				840D5FF422A637100092C216 /* Extension */,
				840D5E6B22A580BE0092C216 /* Storyboard */,
				840D5E6722A57F4A0092C216 /* View */,
				840D5E6A22A57F6A0092C216 /* Service */,
				840D5E6922A57F650092C216 /* ViewModel */,
				840D5E6822A57F530092C216 /* Model */,
				840D5E4422A57EC00092C216 /* AppDelegate.swift */,
				840D5E4E22A57EC30092C216 /* Assets.xcassets */,
				840D5E5322A57EC30092C216 /* Info.plist */,
			);
			path = HeroesAndVillains;
			sourceTree = "<group>";
		};
		840D5E5B22A57EC30092C216 /* HeroesAndVillainsTests */ = {
			isa = PBXGroup;
			children = (
				840D5E5C22A57EC30092C216 /* HeroesAndVillainsTests.swift */,
				840D5E5E22A57EC30092C216 /* Info.plist */,
			);
			path = HeroesAndVillainsTests;
			sourceTree = "<group>";
		};
		840D5E6722A57F4A0092C216 /* View */ = {
			isa = PBXGroup;
			children = (
				84D04C4822C83C910017EDA8 /* CustomViews */,
				8411CF1D22AA0302006C8CC6 /* CharacterCollectionCell.swift */,
				8405308B22B4E650006A7160 /* CharacterCollectionTableViewCell.swift */,
				8405308722B4E415006A7160 /* CharacterCollectionViewCell.swift */,
				849E958222AF498200ECEC0A /* CharacterDetailsViewController.swift */,
				848E1EE322C5E3A300A126CC /* CharacterStatsCollectionCell.swift */,
				848E1EE422C5E3A300A126CC /* CharacterStatsTableCell.swift */,
				840D5FF922A76FE40092C216 /* CharacterTableCell.swift */,
				849E958822B0B35300ECEC0A /* ComicCollectionTableViewCell.swift */,
				849E957E22AF212900ECEC0A /* ComicCollectionViewCell.swift */,
				8405307F22B4A7AF006A7160 /* ComicDetailsViewController.swift */,
				848E1ECF22C4635200A126CC /* ComicTableCell.swift */,
				8405309B22B62E10006A7160 /* FavoritesViewController.swift */,
				840D5E4622A57EC00092C216 /* HomeViewController.swift */,
				840D5E7022A5D8430092C216 /* MainNavigationController.swift */,
				840D5FEA22A616950092C216 /* SearchViewController.swift */,
				840EE65222B6ED93007DAA3B /* VideoCollectionTableViewCell.swift */,
				840EE65622B6EDE9007DAA3B /* VideoCollectionViewCell.swift */,
				8405308D22B4E6A4006A7160 /* CharacterCollectionTableViewCell.xib */,
				8405308922B4E4B0006A7160 /* CharacterCollectionViewCell.xib */,
				848E1EE022C5E15100A126CC /* CharacterStatsCollectionCell.xib */,
				848E1EDF22C5E15100A126CC /* CharacterStatsTableCell.xib */,
				840D5FFA22A76FE40092C216 /* CharacterTableCell.xib */,
				849E958922B0B35300ECEC0A /* ComicCollectionTableViewCell.xib */,
				849E957F22AF212900ECEC0A /* ComicCollectionViewCell.xib */,
				848E1ECB22C4623D00A126CC /* ComicTableCell.xib */,
				840EE65322B6ED93007DAA3B /* VideoCollectionTableViewCell.xib */,
				840EE65722B6EDE9007DAA3B /* VideoCollectionViewCell.xib */,
				840D5FC322A5DE310092C216 /* icons */,
				8411CF1422A967A6006C8CC6 /* img */,
			);
			path = View;
			sourceTree = "<group>";
		};
		840D5E6822A57F530092C216 /* Model */ = {
			isa = PBXGroup;
			children = (
				840D5E4B22A57EC00092C216 /* HeroesAndVillains.xcdatamodeld */,
				840D5FEC22A61C980092C216 /* Constants.swift */,
				840D5FEE22A626FA0092C216 /* MarvelCharacter.swift */,
				840D5FFD22A784190092C216 /* aCharacter.swift */,
				8411CF1B22A9DF90006C8CC6 /* AppVARS.swift */,
				849E958422AF575100ECEC0A /* Comic.swift */,
				849E958622AF58F000ECEC0A /* MarvelComic.swift */,
				840EE65C22B6FC2F007DAA3B /* ComicVineVideo.swift */,
				846DB7EE22C2FC370095BB8D /* CVineComic.swift */,
				848E1EE722C660EA00A126CC /* SuperHeroStats.swift */,
			);
			path = Model;
			sourceTree = "<group>";
		};
		840D5E6922A57F650092C216 /* ViewModel */ = {
			isa = PBXGroup;
			children = (
				840D5FF722A76BAA0092C216 /* ViewModel.swift */,
			);
			path = ViewModel;
			sourceTree = "<group>";
		};
		840D5E6A22A57F6A0092C216 /* Service */ = {
			isa = PBXGroup;
			children = (
				848E1EE922C6629F00A126CC /* CharacterStatsAPI.swift */,
				8411CF1922A96E13006C8CC6 /* DownloadManager.swift */,
				840D5FF022A633940092C216 /* MarvelAPI.swift */,
				840D5FF222A633A60092C216 /* MarvelService.swift */,
				8405307D22B421AE006A7160 /* ComicVineAPI.swift */,
				8405309322B5BBAA006A7160 /* CoreManager.swift */,
				840EE65A22B6FB9F007DAA3B /* ComicVineService.swift */,
				848E1EEB22C67D3500A126CC /* CharacterStatsService.swift */,
			);
			path = Service;
			sourceTree = "<group>";
		};
		840D5E6B22A580BE0092C216 /* Storyboard */ = {
			isa = PBXGroup;
			children = (
				840D5E4822A57EC00092C216 /* Main.storyboard */,
				840D5E5022A57EC30092C216 /* LaunchScreen.storyboard */,
			);
			path = Storyboard;
			sourceTree = "<group>";
		};
		840D5FC322A5DE310092C216 /* icons */ = {
			isa = PBXGroup;
			children = (
				84D04C4D22CBEB370017EDA8 /* logo */,
				8405309722B62C77006A7160 /* fave */,
				840D5FDC22A5DEA70092C216 /* home */,
				840D5FDD22A5DEB80092C216 /* search */,
			);
			path = icons;
			sourceTree = "<group>";
		};
		840D5FDC22A5DEA70092C216 /* home */ = {
			isa = PBXGroup;
			children = (
				840D5FE422A5E9A30092C216 /* home-Small.png */,
				840D5FE522A5E9A40092C216 /* home-Small@2x.png */,
				840D5FE622A5E9A40092C216 /* home-Small@3x.png */,
			);
			path = home;
			sourceTree = "<group>";
		};
		840D5FDD22A5DEB80092C216 /* search */ = {
			isa = PBXGroup;
			children = (
				840D5FE022A5E9850092C216 /* search-Small.png */,
				840D5FDE22A5E9850092C216 /* search-Small@2x.png */,
				840D5FDF22A5E9850092C216 /* search-Small@3x.png */,
			);
			path = search;
			sourceTree = "<group>";
		};
		840D5FF422A637100092C216 /* Extension */ = {
			isa = PBXGroup;
			children = (
				840D5FF522A6372B0092C216 /* String+Extension.swift */,
				8411CF1222A8B198006C8CC6 /* Notification+Name.swift */,
				8405307B22B207F3006A7160 /* CharacterSet+Extension.swift */,
			);
			path = Extension;
			sourceTree = "<group>";
		};
		8411CF1422A967A6006C8CC6 /* img */ = {
			isa = PBXGroup;
			children = (
				8405309022B59F8E006A7160 /* fave.png */,
				8405308F22B59F8E006A7160 /* fave-filled.png */,
				8411CF1522A96847006C8CC6 /* mask.png */,
				8411CF1622A96847006C8CC6 /* mask-filled.png */,
			);
			path = img;
			sourceTree = "<group>";
		};
		84D04C4822C83C910017EDA8 /* CustomViews */ = {
			isa = PBXGroup;
			children = (
				84D04C4922C83D0D0017EDA8 /* GraphView.swift */,
			);
			path = CustomViews;
			sourceTree = "<group>";
		};
		84D04C4D22CBEB370017EDA8 /* logo */ = {
			isa = PBXGroup;
			children = (
				84D04C4E22CBEB4D0017EDA8 /* ComicClashLogoBY.png */,
				84D04C4F22CBEB4E0017EDA8 /* ComicClashLogoRY.png */,
			);
			path = logo;
			sourceTree = "<group>";
		};
		9E358C3F65C5BE5552158F89 /* Pods */ = {
			isa = PBXGroup;
			children = (
				77F273093B84E2102B90B2BB /* Pods-HeroesAndVillains.debug.xcconfig */,
				61AE281B9F48AAEA02C21636 /* Pods-HeroesAndVillains.release.xcconfig */,
			);
			path = Pods;
			sourceTree = "<group>";
		};
/* End PBXGroup section */

/* Begin PBXNativeTarget section */
		840D5E4022A57EC00092C216 /* HeroesAndVillains */ = {
			isa = PBXNativeTarget;
			buildConfigurationList = 840D5E6122A57EC30092C216 /* Build configuration list for PBXNativeTarget "HeroesAndVillains" */;
			buildPhases = (
				14F8227536E29EF09A740017 /* [CP] Check Pods Manifest.lock */,
				840D5E3D22A57EC00092C216 /* Sources */,
				840D5E3E22A57EC00092C216 /* Frameworks */,
				840D5E3F22A57EC00092C216 /* Resources */,
				B6130EA36F47AAC3449D73F9 /* [CP] Embed Pods Frameworks */,
			);
			buildRules = (
			);
			dependencies = (
			);
			name = HeroesAndVillains;
			productName = HeroesAndVillains;
			productReference = 840D5E4122A57EC00092C216 /* HeroesAndVillains.app */;
			productType = "com.apple.product-type.application";
		};
		840D5E5722A57EC30092C216 /* HeroesAndVillainsTests */ = {
			isa = PBXNativeTarget;
			buildConfigurationList = 840D5E6422A57EC30092C216 /* Build configuration list for PBXNativeTarget "HeroesAndVillainsTests" */;
			buildPhases = (
				840D5E5422A57EC30092C216 /* Sources */,
				840D5E5522A57EC30092C216 /* Frameworks */,
				840D5E5622A57EC30092C216 /* Resources */,
			);
			buildRules = (
			);
			dependencies = (
				840D5E5A22A57EC30092C216 /* PBXTargetDependency */,
			);
			name = HeroesAndVillainsTests;
			productName = HeroesAndVillainsTests;
			productReference = 840D5E5822A57EC30092C216 /* HeroesAndVillainsTests.xctest */;
			productType = "com.apple.product-type.bundle.unit-test";
		};
/* End PBXNativeTarget section */

/* Begin PBXProject section */
		840D5E3922A57EC00092C216 /* Project object */ = {
			isa = PBXProject;
			attributes = {
				LastSwiftUpdateCheck = 1020;
				LastUpgradeCheck = 1020;
				ORGANIZATIONNAME = Z;
				TargetAttributes = {
					840D5E4022A57EC00092C216 = {
						CreatedOnToolsVersion = 10.2.1;
					};
					840D5E5722A57EC30092C216 = {
						CreatedOnToolsVersion = 10.2.1;
						TestTargetID = 840D5E4022A57EC00092C216;
					};
				};
			};
			buildConfigurationList = 840D5E3C22A57EC00092C216 /* Build configuration list for PBXProject "HeroesAndVillains" */;
			compatibilityVersion = "Xcode 9.3";
			developmentRegion = en;
			hasScannedForEncodings = 0;
			knownRegions = (
				en,
				Base,
			);
			mainGroup = 840D5E3822A57EC00092C216;
			productRefGroup = 840D5E4222A57EC00092C216 /* Products */;
			projectDirPath = "";
			projectRoot = "";
			targets = (
				840D5E4022A57EC00092C216 /* HeroesAndVillains */,
				840D5E5722A57EC30092C216 /* HeroesAndVillainsTests */,
			);
		};
/* End PBXProject section */

/* Begin PBXResourcesBuildPhase section */
		840D5E3F22A57EC00092C216 /* Resources */ = {
			isa = PBXResourcesBuildPhase;
			buildActionMask = 2147483647;
			files = (
				840D5E5222A57EC30092C216 /* LaunchScreen.storyboard in Resources */,
				848E1EE122C5E15100A126CC /* CharacterStatsTableCell.xib in Resources */,
				848E1EE222C5E15100A126CC /* CharacterStatsCollectionCell.xib in Resources */,
				8405308E22B4E6A4006A7160 /* CharacterCollectionTableViewCell.xib in Resources */,
				848E1ECC22C4623D00A126CC /* ComicTableCell.xib in Resources */,
				8411CF1822A96847006C8CC6 /* mask-filled.png in Resources */,
				840D5FE722A5E9A40092C216 /* home-Small.png in Resources */,
				840D5FFC22A76FE40092C216 /* CharacterTableCell.xib in Resources */,
				8405309822B62C77006A7160 /* fave in Resources */,
				8405309122B59F8F006A7160 /* fave-filled.png in Resources */,
				840D5FE122A5E9850092C216 /* search-Small@2x.png in Resources */,
				84D04C5022CBEB4E0017EDA8 /* ComicClashLogoBY.png in Resources */,
				840D5FE922A5E9A40092C216 /* home-Small@3x.png in Resources */,
				840D5FE322A5E9850092C216 /* search-Small.png in Resources */,
				849E958122AF212900ECEC0A /* ComicCollectionViewCell.xib in Resources */,
				849E958B22B0B35400ECEC0A /* ComicCollectionTableViewCell.xib in Resources */,
				840D5E4F22A57EC30092C216 /* Assets.xcassets in Resources */,
				840D5FE822A5E9A40092C216 /* home-Small@2x.png in Resources */,
				8405309222B59F8F006A7160 /* fave.png in Resources */,
				840D5FE222A5E9850092C216 /* search-Small@3x.png in Resources */,
				8411CF1722A96847006C8CC6 /* mask.png in Resources */,
				8405308A22B4E4B0006A7160 /* CharacterCollectionViewCell.xib in Resources */,
				840EE65922B6EDE9007DAA3B /* VideoCollectionViewCell.xib in Resources */,
				840EE65522B6ED93007DAA3B /* VideoCollectionTableViewCell.xib in Resources */,
				840D5E4A22A57EC00092C216 /* Main.storyboard in Resources */,
				84D04C5122CBEB4E0017EDA8 /* ComicClashLogoRY.png in Resources */,
			);
			runOnlyForDeploymentPostprocessing = 0;
		};
		840D5E5622A57EC30092C216 /* Resources */ = {
			isa = PBXResourcesBuildPhase;
			buildActionMask = 2147483647;
			files = (
			);
			runOnlyForDeploymentPostprocessing = 0;
		};
/* End PBXResourcesBuildPhase section */

/* Begin PBXShellScriptBuildPhase section */
		14F8227536E29EF09A740017 /* [CP] Check Pods Manifest.lock */ = {
			isa = PBXShellScriptBuildPhase;
			buildActionMask = 2147483647;
			files = (
			);
			inputFileListPaths = (
			);
			inputPaths = (
				"${PODS_PODFILE_DIR_PATH}/Podfile.lock",
				"${PODS_ROOT}/Manifest.lock",
			);
			name = "[CP] Check Pods Manifest.lock";
			outputFileListPaths = (
			);
			outputPaths = (
				"$(DERIVED_FILE_DIR)/Pods-HeroesAndVillains-checkManifestLockResult.txt",
			);
			runOnlyForDeploymentPostprocessing = 0;
			shellPath = /bin/sh;
			shellScript = "diff \"${PODS_PODFILE_DIR_PATH}/Podfile.lock\" \"${PODS_ROOT}/Manifest.lock\" > /dev/null\nif [ $? != 0 ] ; then\n    # print error to STDERR\n    echo \"error: The sandbox is not in sync with the Podfile.lock. Run 'pod install' or update your CocoaPods installation.\" >&2\n    exit 1\nfi\n# This output is used by Xcode 'outputs' to avoid re-running this script phase.\necho \"SUCCESS\" > \"${SCRIPT_OUTPUT_FILE_0}\"\n";
			showEnvVarsInLog = 0;
		};
		B6130EA36F47AAC3449D73F9 /* [CP] Embed Pods Frameworks */ = {
			isa = PBXShellScriptBuildPhase;
			buildActionMask = 2147483647;
			files = (
			);
			inputFileListPaths = (
				"${PODS_ROOT}/Target Support Files/Pods-HeroesAndVillains/Pods-HeroesAndVillains-frameworks-${CONFIGURATION}-input-files.xcfilelist",
			);
			name = "[CP] Embed Pods Frameworks";
			outputFileListPaths = (
				"${PODS_ROOT}/Target Support Files/Pods-HeroesAndVillains/Pods-HeroesAndVillains-frameworks-${CONFIGURATION}-output-files.xcfilelist",
			);
			runOnlyForDeploymentPostprocessing = 0;
			shellPath = /bin/sh;
			shellScript = "\"${PODS_ROOT}/Target Support Files/Pods-HeroesAndVillains/Pods-HeroesAndVillains-frameworks.sh\"\n";
			showEnvVarsInLog = 0;
		};
/* End PBXShellScriptBuildPhase section */

/* Begin PBXSourcesBuildPhase section */
		840D5E3D22A57EC00092C216 /* Sources */ = {
			isa = PBXSourcesBuildPhase;
			buildActionMask = 2147483647;
			files = (
				8405309422B5BBAA006A7160 /* CoreManager.swift in Sources */,
				848E1EE522C5E3A300A126CC /* CharacterStatsCollectionCell.swift in Sources */,
				840D5FEB22A616950092C216 /* SearchViewController.swift in Sources */,
				8411CF1A22A96E13006C8CC6 /* DownloadManager.swift in Sources */,
				840D5E4722A57EC00092C216 /* HomeViewController.swift in Sources */,
				840D5FEF22A626FA0092C216 /* MarvelCharacter.swift in Sources */,
				84D04C4A22C83D0D0017EDA8 /* GraphView.swift in Sources */,
				8405307E22B421AE006A7160 /* ComicVineAPI.swift in Sources */,
				840EE65D22B6FC2F007DAA3B /* ComicVineVideo.swift in Sources */,
				840D5FF822A76BAB0092C216 /* ViewModel.swift in Sources */,
				840D5FFB22A76FE40092C216 /* CharacterTableCell.swift in Sources */,
				8411CF1E22AA0302006C8CC6 /* CharacterCollectionCell.swift in Sources */,
				840EE65822B6EDE9007DAA3B /* VideoCollectionViewCell.swift in Sources */,
				846DB7EF22C2FC370095BB8D /* CVineComic.swift in Sources */,
				8405308822B4E415006A7160 /* CharacterCollectionViewCell.swift in Sources */,
				840D5FFE22A784190092C216 /* aCharacter.swift in Sources */,
				848E1EE822C660EA00A126CC /* SuperHeroStats.swift in Sources */,
				849E958322AF498200ECEC0A /* CharacterDetailsViewController.swift in Sources */,
				840D5FF122A633940092C216 /* MarvelAPI.swift in Sources */,
				840D5FF322A633A60092C216 /* MarvelService.swift in Sources */,
				848E1EEC22C67D3500A126CC /* CharacterStatsService.swift in Sources */,
				849E958722AF58F000ECEC0A /* MarvelComic.swift in Sources */,
				840D5E4D22A57EC00092C216 /* HeroesAndVillains.xcdatamodeld in Sources */,
				849E958A22B0B35300ECEC0A /* ComicCollectionTableViewCell.swift in Sources */,
				840D5E7122A5D8430092C216 /* MainNavigationController.swift in Sources */,
				840D5E4522A57EC00092C216 /* AppDelegate.swift in Sources */,
				8411CF1322A8B198006C8CC6 /* Notification+Name.swift in Sources */,
				849E958022AF212900ECEC0A /* ComicCollectionViewCell.swift in Sources */,
				848E1ED022C4635200A126CC /* ComicTableCell.swift in Sources */,
				840D5FF622A6372B0092C216 /* String+Extension.swift in Sources */,
				8405308C22B4E650006A7160 /* CharacterCollectionTableViewCell.swift in Sources */,
				840EE65422B6ED93007DAA3B /* VideoCollectionTableViewCell.swift in Sources */,
				8405309C22B62E10006A7160 /* FavoritesViewController.swift in Sources */,
				848E1EEA22C6629F00A126CC /* CharacterStatsAPI.swift in Sources */,
				8405307C22B207F3006A7160 /* CharacterSet+Extension.swift in Sources */,
				8405308122B4A7AF006A7160 /* ComicDetailsViewController.swift in Sources */,
				849E958522AF575100ECEC0A /* Comic.swift in Sources */,
				8411CF1C22A9DF90006C8CC6 /* AppVARS.swift in Sources */,
				840D5FED22A61C980092C216 /* Constants.swift in Sources */,
				840EE65B22B6FB9F007DAA3B /* ComicVineService.swift in Sources */,
				848E1EE622C5E3A300A126CC /* CharacterStatsTableCell.swift in Sources */,
			);
			runOnlyForDeploymentPostprocessing = 0;
		};
		840D5E5422A57EC30092C216 /* Sources */ = {
			isa = PBXSourcesBuildPhase;
			buildActionMask = 2147483647;
			files = (
				840D5E5D22A57EC30092C216 /* HeroesAndVillainsTests.swift in Sources */,
			);
			runOnlyForDeploymentPostprocessing = 0;
		};
/* End PBXSourcesBuildPhase section */

/* Begin PBXTargetDependency section */
		840D5E5A22A57EC30092C216 /* PBXTargetDependency */ = {
			isa = PBXTargetDependency;
			target = 840D5E4022A57EC00092C216 /* HeroesAndVillains */;
			targetProxy = 840D5E5922A57EC30092C216 /* PBXContainerItemProxy */;
		};
/* End PBXTargetDependency section */

/* Begin PBXVariantGroup section */
		840D5E4822A57EC00092C216 /* Main.storyboard */ = {
			isa = PBXVariantGroup;
			children = (
				840D5E4922A57EC00092C216 /* Base */,
			);
			name = Main.storyboard;
			sourceTree = "<group>";
		};
		840D5E5022A57EC30092C216 /* LaunchScreen.storyboard */ = {
			isa = PBXVariantGroup;
			children = (
				840D5E5122A57EC30092C216 /* Base */,
			);
			name = LaunchScreen.storyboard;
			sourceTree = "<group>";
		};
/* End PBXVariantGroup section */

/* Begin XCBuildConfiguration section */
		840D5E5F22A57EC30092C216 /* Debug */ = {
			isa = XCBuildConfiguration;
			buildSettings = {
				ALWAYS_SEARCH_USER_PATHS = NO;
				CLANG_ANALYZER_NONNULL = YES;
				CLANG_ANALYZER_NUMBER_OBJECT_CONVERSION = YES_AGGRESSIVE;
				CLANG_CXX_LANGUAGE_STANDARD = "gnu++14";
				CLANG_CXX_LIBRARY = "libc++";
				CLANG_ENABLE_MODULES = YES;
				CLANG_ENABLE_OBJC_ARC = YES;
				CLANG_ENABLE_OBJC_WEAK = YES;
				CLANG_WARN_BLOCK_CAPTURE_AUTORELEASING = YES;
				CLANG_WARN_BOOL_CONVERSION = YES;
				CLANG_WARN_COMMA = YES;
				CLANG_WARN_CONSTANT_CONVERSION = YES;
				CLANG_WARN_DEPRECATED_OBJC_IMPLEMENTATIONS = YES;
				CLANG_WARN_DIRECT_OBJC_ISA_USAGE = YES_ERROR;
				CLANG_WARN_DOCUMENTATION_COMMENTS = YES;
				CLANG_WARN_EMPTY_BODY = YES;
				CLANG_WARN_ENUM_CONVERSION = YES;
				CLANG_WARN_INFINITE_RECURSION = YES;
				CLANG_WARN_INT_CONVERSION = YES;
				CLANG_WARN_NON_LITERAL_NULL_CONVERSION = YES;
				CLANG_WARN_OBJC_IMPLICIT_RETAIN_SELF = YES;
				CLANG_WARN_OBJC_LITERAL_CONVERSION = YES;
				CLANG_WARN_OBJC_ROOT_CLASS = YES_ERROR;
				CLANG_WARN_RANGE_LOOP_ANALYSIS = YES;
				CLANG_WARN_STRICT_PROTOTYPES = YES;
				CLANG_WARN_SUSPICIOUS_MOVE = YES;
				CLANG_WARN_UNGUARDED_AVAILABILITY = YES_AGGRESSIVE;
				CLANG_WARN_UNREACHABLE_CODE = YES;
				CLANG_WARN__DUPLICATE_METHOD_MATCH = YES;
				CODE_SIGN_IDENTITY = "iPhone Developer";
				COPY_PHASE_STRIP = NO;
				DEBUG_INFORMATION_FORMAT = dwarf;
				ENABLE_STRICT_OBJC_MSGSEND = YES;
				ENABLE_TESTABILITY = YES;
				GCC_C_LANGUAGE_STANDARD = gnu11;
				GCC_DYNAMIC_NO_PIC = NO;
				GCC_NO_COMMON_BLOCKS = YES;
				GCC_OPTIMIZATION_LEVEL = 0;
				GCC_PREPROCESSOR_DEFINITIONS = (
					"DEBUG=1",
					"$(inherited)",
				);
				GCC_WARN_64_TO_32_BIT_CONVERSION = YES;
				GCC_WARN_ABOUT_RETURN_TYPE = YES_ERROR;
				GCC_WARN_UNDECLARED_SELECTOR = YES;
				GCC_WARN_UNINITIALIZED_AUTOS = YES_AGGRESSIVE;
				GCC_WARN_UNUSED_FUNCTION = YES;
				GCC_WARN_UNUSED_VARIABLE = YES;
				IPHONEOS_DEPLOYMENT_TARGET = 12.2;
				MTL_ENABLE_DEBUG_INFO = INCLUDE_SOURCE;
				MTL_FAST_MATH = YES;
				ONLY_ACTIVE_ARCH = YES;
				SDKROOT = iphoneos;
				SWIFT_ACTIVE_COMPILATION_CONDITIONS = DEBUG;
				SWIFT_OPTIMIZATION_LEVEL = "-Onone";
			};
			name = Debug;
		};
		840D5E6022A57EC30092C216 /* Release */ = {
			isa = XCBuildConfiguration;
			buildSettings = {
				ALWAYS_SEARCH_USER_PATHS = NO;
				CLANG_ANALYZER_NONNULL = YES;
				CLANG_ANALYZER_NUMBER_OBJECT_CONVERSION = YES_AGGRESSIVE;
				CLANG_CXX_LANGUAGE_STANDARD = "gnu++14";
				CLANG_CXX_LIBRARY = "libc++";
				CLANG_ENABLE_MODULES = YES;
				CLANG_ENABLE_OBJC_ARC = YES;
				CLANG_ENABLE_OBJC_WEAK = YES;
				CLANG_WARN_BLOCK_CAPTURE_AUTORELEASING = YES;
				CLANG_WARN_BOOL_CONVERSION = YES;
				CLANG_WARN_COMMA = YES;
				CLANG_WARN_CONSTANT_CONVERSION = YES;
				CLANG_WARN_DEPRECATED_OBJC_IMPLEMENTATIONS = YES;
				CLANG_WARN_DIRECT_OBJC_ISA_USAGE = YES_ERROR;
				CLANG_WARN_DOCUMENTATION_COMMENTS = YES;
				CLANG_WARN_EMPTY_BODY = YES;
				CLANG_WARN_ENUM_CONVERSION = YES;
				CLANG_WARN_INFINITE_RECURSION = YES;
				CLANG_WARN_INT_CONVERSION = YES;
				CLANG_WARN_NON_LITERAL_NULL_CONVERSION = YES;
				CLANG_WARN_OBJC_IMPLICIT_RETAIN_SELF = YES;
				CLANG_WARN_OBJC_LITERAL_CONVERSION = YES;
				CLANG_WARN_OBJC_ROOT_CLASS = YES_ERROR;
				CLANG_WARN_RANGE_LOOP_ANALYSIS = YES;
				CLANG_WARN_STRICT_PROTOTYPES = YES;
				CLANG_WARN_SUSPICIOUS_MOVE = YES;
				CLANG_WARN_UNGUARDED_AVAILABILITY = YES_AGGRESSIVE;
				CLANG_WARN_UNREACHABLE_CODE = YES;
				CLANG_WARN__DUPLICATE_METHOD_MATCH = YES;
				CODE_SIGN_IDENTITY = "iPhone Developer";
				COPY_PHASE_STRIP = NO;
				DEBUG_INFORMATION_FORMAT = "dwarf-with-dsym";
				ENABLE_NS_ASSERTIONS = NO;
				ENABLE_STRICT_OBJC_MSGSEND = YES;
				GCC_C_LANGUAGE_STANDARD = gnu11;
				GCC_NO_COMMON_BLOCKS = YES;
				GCC_WARN_64_TO_32_BIT_CONVERSION = YES;
				GCC_WARN_ABOUT_RETURN_TYPE = YES_ERROR;
				GCC_WARN_UNDECLARED_SELECTOR = YES;
				GCC_WARN_UNINITIALIZED_AUTOS = YES_AGGRESSIVE;
				GCC_WARN_UNUSED_FUNCTION = YES;
				GCC_WARN_UNUSED_VARIABLE = YES;
				IPHONEOS_DEPLOYMENT_TARGET = 12.2;
				MTL_ENABLE_DEBUG_INFO = NO;
				MTL_FAST_MATH = YES;
				SDKROOT = iphoneos;
				SWIFT_COMPILATION_MODE = wholemodule;
				SWIFT_OPTIMIZATION_LEVEL = "-O";
				VALIDATE_PRODUCT = YES;
			};
			name = Release;
		};
		840D5E6222A57EC30092C216 /* Debug */ = {
			isa = XCBuildConfiguration;
			baseConfigurationReference = 77F273093B84E2102B90B2BB /* Pods-HeroesAndVillains.debug.xcconfig */;
			buildSettings = {
				ALWAYS_EMBED_SWIFT_STANDARD_LIBRARIES = "$(inherited)";
				ASSETCATALOG_COMPILER_APPICON_NAME = AppIcon;
				CODE_SIGN_STYLE = Automatic;
				DEVELOPMENT_TEAM = CS658N33C8;
				INFOPLIST_FILE = HeroesAndVillains/Info.plist;
				LD_RUNPATH_SEARCH_PATHS = (
					"$(inherited)",
					"@executable_path/Frameworks",
				);
				PRODUCT_BUNDLE_IDENTIFIER = jus.HeroesAndVillains;
				PRODUCT_NAME = "$(TARGET_NAME)";
				SWIFT_VERSION = 5.0;
				TARGETED_DEVICE_FAMILY = "1,2";
			};
			name = Debug;
		};
		840D5E6322A57EC30092C216 /* Release */ = {
			isa = XCBuildConfiguration;
			baseConfigurationReference = 61AE281B9F48AAEA02C21636 /* Pods-HeroesAndVillains.release.xcconfig */;
			buildSettings = {
				ALWAYS_EMBED_SWIFT_STANDARD_LIBRARIES = "$(inherited)";
				ASSETCATALOG_COMPILER_APPICON_NAME = AppIcon;
				CODE_SIGN_STYLE = Automatic;
				DEVELOPMENT_TEAM = CS658N33C8;
				INFOPLIST_FILE = HeroesAndVillains/Info.plist;
				LD_RUNPATH_SEARCH_PATHS = (
					"$(inherited)",
					"@executable_path/Frameworks",
				);
				PRODUCT_BUNDLE_IDENTIFIER = jus.HeroesAndVillains;
				PRODUCT_NAME = "$(TARGET_NAME)";
				SWIFT_VERSION = 5.0;
				TARGETED_DEVICE_FAMILY = "1,2";
			};
			name = Release;
		};
		840D5E6522A57EC30092C216 /* Debug */ = {
			isa = XCBuildConfiguration;
			buildSettings = {
				ALWAYS_EMBED_SWIFT_STANDARD_LIBRARIES = YES;
				BUNDLE_LOADER = "$(TEST_HOST)";
				CODE_SIGN_STYLE = Automatic;
				INFOPLIST_FILE = HeroesAndVillainsTests/Info.plist;
				LD_RUNPATH_SEARCH_PATHS = (
					"$(inherited)",
					"@executable_path/Frameworks",
					"@loader_path/Frameworks",
				);
				PRODUCT_BUNDLE_IDENTIFIER = jus.HeroesAndVillainsTests;
				PRODUCT_NAME = "$(TARGET_NAME)";
				SWIFT_VERSION = 5.0;
				TARGETED_DEVICE_FAMILY = "1,2";
				TEST_HOST = "$(BUILT_PRODUCTS_DIR)/HeroesAndVillains.app/HeroesAndVillains";
			};
			name = Debug;
		};
		840D5E6622A57EC30092C216 /* Release */ = {
			isa = XCBuildConfiguration;
			buildSettings = {
				ALWAYS_EMBED_SWIFT_STANDARD_LIBRARIES = YES;
				BUNDLE_LOADER = "$(TEST_HOST)";
				CODE_SIGN_STYLE = Automatic;
				INFOPLIST_FILE = HeroesAndVillainsTests/Info.plist;
				LD_RUNPATH_SEARCH_PATHS = (
					"$(inherited)",
					"@executable_path/Frameworks",
					"@loader_path/Frameworks",
				);
				PRODUCT_BUNDLE_IDENTIFIER = jus.HeroesAndVillainsTests;
				PRODUCT_NAME = "$(TARGET_NAME)";
				SWIFT_VERSION = 5.0;
				TARGETED_DEVICE_FAMILY = "1,2";
				TEST_HOST = "$(BUILT_PRODUCTS_DIR)/HeroesAndVillains.app/HeroesAndVillains";
			};
			name = Release;
		};
/* End XCBuildConfiguration section */

/* Begin XCConfigurationList section */
		840D5E3C22A57EC00092C216 /* Build configuration list for PBXProject "HeroesAndVillains" */ = {
			isa = XCConfigurationList;
			buildConfigurations = (
				840D5E5F22A57EC30092C216 /* Debug */,
				840D5E6022A57EC30092C216 /* Release */,
			);
			defaultConfigurationIsVisible = 0;
			defaultConfigurationName = Release;
		};
		840D5E6122A57EC30092C216 /* Build configuration list for PBXNativeTarget "HeroesAndVillains" */ = {
			isa = XCConfigurationList;
			buildConfigurations = (
				840D5E6222A57EC30092C216 /* Debug */,
				840D5E6322A57EC30092C216 /* Release */,
			);
			defaultConfigurationIsVisible = 0;
			defaultConfigurationName = Release;
		};
		840D5E6422A57EC30092C216 /* Build configuration list for PBXNativeTarget "HeroesAndVillainsTests" */ = {
			isa = XCConfigurationList;
			buildConfigurations = (
				840D5E6522A57EC30092C216 /* Debug */,
				840D5E6622A57EC30092C216 /* Release */,
			);
			defaultConfigurationIsVisible = 0;
			defaultConfigurationName = Release;
		};
/* End XCConfigurationList section */

/* Begin XCVersionGroup section */
		840D5E4B22A57EC00092C216 /* HeroesAndVillains.xcdatamodeld */ = {
			isa = XCVersionGroup;
			children = (
				840D5E4C22A57EC00092C216 /* HeroesAndVillains.xcdatamodel */,
			);
			currentVersion = 840D5E4C22A57EC00092C216 /* HeroesAndVillains.xcdatamodel */;
			path = HeroesAndVillains.xcdatamodeld;
			sourceTree = "<group>";
			versionGroupType = wrapper.xcdatamodel;
		};
/* End XCVersionGroup section */
	};
	rootObject = 840D5E3922A57EC00092C216 /* Project object */;
}
